// !$*UTF8*$!
{
	archiveVersion = 1;
	classes = {
	};
	objectVersion = 46;
	objects = {

/* Begin PBXBuildFile section */
		4319B08AF175F9487023FBD1 /* Pods_MoscapsuleTest.framework in Frameworks */ = {isa = PBXBuildFile; fileRef = 8849CD49260E0ECDC2236493 /* Pods_MoscapsuleTest.framework */; };
		BD1A07D91E3854CC00990113 /* AristCommunicationViewController.swift in Sources */ = {isa = PBXBuildFile; fileRef = BD1A07D81E3854CC00990113 /* AristCommunicationViewController.swift */; };
		BD5993AF1E35D1050012FE5C /* AristMachine.swift in Sources */ = {isa = PBXBuildFile; fileRef = BD5993AE1E35D1050012FE5C /* AristMachine.swift */; };
		BD5993B11E35D22F0012FE5C /* MQTTConnectable.swift in Sources */ = {isa = PBXBuildFile; fileRef = BD5993B01E35D22F0012FE5C /* MQTTConnectable.swift */; };
		BDC3DA751E31BD83006BBA35 /* AppDelegate.swift in Sources */ = {isa = PBXBuildFile; fileRef = BDC3DA741E31BD83006BBA35 /* AppDelegate.swift */; };
		BDC3DA771E31BD83006BBA35 /* ViewController.swift in Sources */ = {isa = PBXBuildFile; fileRef = BDC3DA761E31BD83006BBA35 /* ViewController.swift */; };
		BDC3DA7A1E31BD83006BBA35 /* Main.storyboard in Resources */ = {isa = PBXBuildFile; fileRef = BDC3DA781E31BD83006BBA35 /* Main.storyboard */; };
		BDC3DA7C1E31BD83006BBA35 /* Assets.xcassets in Resources */ = {isa = PBXBuildFile; fileRef = BDC3DA7B1E31BD83006BBA35 /* Assets.xcassets */; };
		BDC3DA7F1E31BD83006BBA35 /* LaunchScreen.storyboard in Resources */ = {isa = PBXBuildFile; fileRef = BDC3DA7D1E31BD83006BBA35 /* LaunchScreen.storyboard */; };
/* End PBXBuildFile section */

/* Begin PBXFileReference section */
		8849CD49260E0ECDC2236493 /* Pods_MoscapsuleTest.framework */ = {isa = PBXFileReference; explicitFileType = wrapper.framework; includeInIndex = 0; path = Pods_MoscapsuleTest.framework; sourceTree = BUILT_PRODUCTS_DIR; };
		BD1A07D81E3854CC00990113 /* AristCommunicationViewController.swift */ = {isa = PBXFileReference; fileEncoding = 4; lastKnownFileType = sourcecode.swift; path = AristCommunicationViewController.swift; sourceTree = "<group>"; };
		BD5993AE1E35D1050012FE5C /* AristMachine.swift */ = {isa = PBXFileReference; fileEncoding = 4; lastKnownFileType = sourcecode.swift; path = AristMachine.swift; sourceTree = SOURCE_ROOT; };
		BD5993B01E35D22F0012FE5C /* MQTTConnectable.swift */ = {isa = PBXFileReference; fileEncoding = 4; lastKnownFileType = sourcecode.swift; path = MQTTConnectable.swift; sourceTree = "<group>"; };
		BDC3DA711E31BD83006BBA35 /* MoscapsuleTest.app */ = {isa = PBXFileReference; explicitFileType = wrapper.application; includeInIndex = 0; path = MoscapsuleTest.app; sourceTree = BUILT_PRODUCTS_DIR; };
		BDC3DA741E31BD83006BBA35 /* AppDelegate.swift */ = {isa = PBXFileReference; lastKnownFileType = sourcecode.swift; path = AppDelegate.swift; sourceTree = "<group>"; };
		BDC3DA761E31BD83006BBA35 /* ViewController.swift */ = {isa = PBXFileReference; lastKnownFileType = sourcecode.swift; path = ViewController.swift; sourceTree = "<group>"; };
		BDC3DA791E31BD83006BBA35 /* Base */ = {isa = PBXFileReference; lastKnownFileType = file.storyboard; name = Base; path = Base.lproj/Main.storyboard; sourceTree = "<group>"; };
		BDC3DA7B1E31BD83006BBA35 /* Assets.xcassets */ = {isa = PBXFileReference; lastKnownFileType = folder.assetcatalog; path = Assets.xcassets; sourceTree = "<group>"; };
		BDC3DA7E1E31BD83006BBA35 /* Base */ = {isa = PBXFileReference; lastKnownFileType = file.storyboard; name = Base; path = Base.lproj/LaunchScreen.storyboard; sourceTree = "<group>"; };
		BDC3DA801E31BD83006BBA35 /* Info.plist */ = {isa = PBXFileReference; lastKnownFileType = text.plist.xml; path = Info.plist; sourceTree = "<group>"; };
		E44578FFF41183F1C500BEFD /* Pods-MoscapsuleTest.debug.xcconfig */ = {isa = PBXFileReference; includeInIndex = 1; lastKnownFileType = text.xcconfig; name = "Pods-MoscapsuleTest.debug.xcconfig"; path = "Pods/Target Support Files/Pods-MoscapsuleTest/Pods-MoscapsuleTest.debug.xcconfig"; sourceTree = "<group>"; };
		EA4F062618DB277730E6D28D /* Pods-MoscapsuleTest.release.xcconfig */ = {isa = PBXFileReference; includeInIndex = 1; lastKnownFileType = text.xcconfig; name = "Pods-MoscapsuleTest.release.xcconfig"; path = "Pods/Target Support Files/Pods-MoscapsuleTest/Pods-MoscapsuleTest.release.xcconfig"; sourceTree = "<group>"; };
/* End PBXFileReference section */

/* Begin PBXFrameworksBuildPhase section */
		BDC3DA6E1E31BD82006BBA35 /* Frameworks */ = {
			isa = PBXFrameworksBuildPhase;
			buildActionMask = 2147483647;
			files = (
				4319B08AF175F9487023FBD1 /* Pods_MoscapsuleTest.framework in Frameworks */,
			);
			runOnlyForDeploymentPostprocessing = 0;
		};
/* End PBXFrameworksBuildPhase section */

/* Begin PBXGroup section */
		25CDFC6095F24104CD3F7A51 /* Pods */ = {
			isa = PBXGroup;
			children = (
				E44578FFF41183F1C500BEFD /* Pods-MoscapsuleTest.debug.xcconfig */,
				EA4F062618DB277730E6D28D /* Pods-MoscapsuleTest.release.xcconfig */,
			);
			name = Pods;
			sourceTree = "<group>";
		};
		568BF587B485245A1CD3C804 /* Frameworks */ = {
			isa = PBXGroup;
			children = (
				8849CD49260E0ECDC2236493 /* Pods_MoscapsuleTest.framework */,
			);
			name = Frameworks;
			sourceTree = "<group>";
		};
		BDC3DA681E31BD82006BBA35 = {
			isa = PBXGroup;
			children = (
				BDC3DA731E31BD83006BBA35 /* MoscapsuleTest */,
				BDC3DA721E31BD83006BBA35 /* Products */,
				25CDFC6095F24104CD3F7A51 /* Pods */,
				568BF587B485245A1CD3C804 /* Frameworks */,
			);
			sourceTree = "<group>";
		};
		BDC3DA721E31BD83006BBA35 /* Products */ = {
			isa = PBXGroup;
			children = (
				BDC3DA711E31BD83006BBA35 /* MoscapsuleTest.app */,
			);
			name = Products;
			sourceTree = "<group>";
		};
		BDC3DA731E31BD83006BBA35 /* MoscapsuleTest */ = {
			isa = PBXGroup;
			children = (
				BDC3DA741E31BD83006BBA35 /* AppDelegate.swift */,
				BDC3DA761E31BD83006BBA35 /* ViewController.swift */,
				BDC3DA781E31BD83006BBA35 /* Main.storyboard */,
				BDC3DA7B1E31BD83006BBA35 /* Assets.xcassets */,
				BDC3DA7D1E31BD83006BBA35 /* LaunchScreen.storyboard */,
				BDC3DA801E31BD83006BBA35 /* Info.plist */,
				BD5993AE1E35D1050012FE5C /* AristMachine.swift */,
				BD5993B01E35D22F0012FE5C /* MQTTConnectable.swift */,
				BD1A07D81E3854CC00990113 /* AristCommunicationViewController.swift */,
			);
			path = MoscapsuleTest;
			sourceTree = "<group>";
		};
/* End PBXGroup section */

/* Begin PBXNativeTarget section */
		BDC3DA701E31BD82006BBA35 /* MoscapsuleTest */ = {
			isa = PBXNativeTarget;
			buildConfigurationList = BDC3DA831E31BD83006BBA35 /* Build configuration list for PBXNativeTarget "MoscapsuleTest" */;
			buildPhases = (
				D1AAE7677DD6790D732A2E23 /* [CP] Check Pods Manifest.lock */,
				BDC3DA6D1E31BD82006BBA35 /* Sources */,
				BDC3DA6E1E31BD82006BBA35 /* Frameworks */,
				BDC3DA6F1E31BD82006BBA35 /* Resources */,
				0CE5525683BC63F49C6B18AC /* [CP] Embed Pods Frameworks */,
				43EC32F94204D71C634CBCC0 /* [CP] Copy Pods Resources */,
			);
			buildRules = (
			);
			dependencies = (
			);
			name = MoscapsuleTest;
			productName = MoscapsuleTest;
			productReference = BDC3DA711E31BD83006BBA35 /* MoscapsuleTest.app */;
			productType = "com.apple.product-type.application";
		};
/* End PBXNativeTarget section */

/* Begin PBXProject section */
		BDC3DA691E31BD82006BBA35 /* Project object */ = {
			isa = PBXProject;
			attributes = {
				LastSwiftUpdateCheck = 0820;
				LastUpgradeCheck = 0820;
				ORGANIZATIONNAME = aristhome;
				TargetAttributes = {
					BDC3DA701E31BD82006BBA35 = {
						CreatedOnToolsVersion = 8.2;
						DevelopmentTeam = R2ZEH4T6PK;
						LastSwiftMigration = 0820;
						ProvisioningStyle = Automatic;
					};
				};
			};
			buildConfigurationList = BDC3DA6C1E31BD82006BBA35 /* Build configuration list for PBXProject "MoscapsuleTest" */;
			compatibilityVersion = "Xcode 3.2";
			developmentRegion = English;
			hasScannedForEncodings = 0;
			knownRegions = (
				en,
				Base,
			);
			mainGroup = BDC3DA681E31BD82006BBA35;
			productRefGroup = BDC3DA721E31BD83006BBA35 /* Products */;
			projectDirPath = "";
			projectRoot = "";
			targets = (
				BDC3DA701E31BD82006BBA35 /* MoscapsuleTest */,
			);
		};
/* End PBXProject section */

/* Begin PBXResourcesBuildPhase section */
		BDC3DA6F1E31BD82006BBA35 /* Resources */ = {
			isa = PBXResourcesBuildPhase;
			buildActionMask = 2147483647;
			files = (
				BDC3DA7F1E31BD83006BBA35 /* LaunchScreen.storyboard in Resources */,
				BDC3DA7C1E31BD83006BBA35 /* Assets.xcassets in Resources */,
				BDC3DA7A1E31BD83006BBA35 /* Main.storyboard in Resources */,
			);
			runOnlyForDeploymentPostprocessing = 0;
		};
/* End PBXResourcesBuildPhase section */

/* Begin PBXShellScriptBuildPhase section */
		0CE5525683BC63F49C6B18AC /* [CP] Embed Pods Frameworks */ = {
			isa = PBXShellScriptBuildPhase;
			buildActionMask = 2147483647;
			files = (
			);
			inputPaths = (
			);
			name = "[CP] Embed Pods Frameworks";
			outputPaths = (
			);
			runOnlyForDeploymentPostprocessing = 0;
			shellPath = /bin/sh;
			shellScript = "\"${SRCROOT}/Pods/Target Support Files/Pods-MoscapsuleTest/Pods-MoscapsuleTest-frameworks.sh\"\n";
			showEnvVarsInLog = 0;
		};
		43EC32F94204D71C634CBCC0 /* [CP] Copy Pods Resources */ = {
			isa = PBXShellScriptBuildPhase;
			buildActionMask = 2147483647;
			files = (
			);
			inputPaths = (
			);
			name = "[CP] Copy Pods Resources";
			outputPaths = (
			);
			runOnlyForDeploymentPostprocessing = 0;
			shellPath = /bin/sh;
			shellScript = "\"${SRCROOT}/Pods/Target Support Files/Pods-MoscapsuleTest/Pods-MoscapsuleTest-resources.sh\"\n";
			showEnvVarsInLog = 0;
		};
		D1AAE7677DD6790D732A2E23 /* [CP] Check Pods Manifest.lock */ = {
			isa = PBXShellScriptBuildPhase;
			buildActionMask = 2147483647;
			files = (
			);
			inputPaths = (
			);
			name = "[CP] Check Pods Manifest.lock";
			outputPaths = (
			);
			runOnlyForDeploymentPostprocessing = 0;
			shellPath = /bin/sh;
			shellScript = "diff \"${PODS_ROOT}/../Podfile.lock\" \"${PODS_ROOT}/Manifest.lock\" > /dev/null\nif [[ $? != 0 ]] ; then\n    cat << EOM\nerror: The sandbox is not in sync with the Podfile.lock. Run 'pod install' or update your CocoaPods installation.\nEOM\n    exit 1\nfi\n";
			showEnvVarsInLog = 0;
		};
/* End PBXShellScriptBuildPhase section */

/* Begin PBXSourcesBuildPhase section */
		BDC3DA6D1E31BD82006BBA35 /* Sources */ = {
			isa = PBXSourcesBuildPhase;
			buildActionMask = 2147483647;
			files = (
				BD1A07D91E3854CC00990113 /* AristCommunicationViewController.swift in Sources */,
				BD5993B11E35D22F0012FE5C /* MQTTConnectable.swift in Sources */,
				BDC3DA771E31BD83006BBA35 /* ViewController.swift in Sources */,
				BD5993AF1E35D1050012FE5C /* AristMachine.swift in Sources */,
				BDC3DA751E31BD83006BBA35 /* AppDelegate.swift in Sources */,
			);
			runOnlyForDeploymentPostprocessing = 0;
		};
/* End PBXSourcesBuildPhase section */

/* Begin PBXVariantGroup section */
		BDC3DA781E31BD83006BBA35 /* Main.storyboard */ = {
			isa = PBXVariantGroup;
			children = (
				BDC3DA791E31BD83006BBA35 /* Base */,
			);
			name = Main.storyboard;
			sourceTree = "<group>";
		};
		BDC3DA7D1E31BD83006BBA35 /* LaunchScreen.storyboard */ = {
			isa = PBXVariantGroup;
			children = (
				BDC3DA7E1E31BD83006BBA35 /* Base */,
			);
			name = LaunchScreen.storyboard;
			sourceTree = "<group>";
		};
/* End PBXVariantGroup section */

/* Begin XCBuildConfiguration section */
		BDC3DA811E31BD83006BBA35 /* Debug */ = {
			isa = XCBuildConfiguration;
			buildSettings = {
				ALWAYS_SEARCH_USER_PATHS = NO;
				CLANG_ANALYZER_NONNULL = YES;
				CLANG_CXX_LANGUAGE_STANDARD = "gnu++0x";
				CLANG_CXX_LIBRARY = "libc++";
				CLANG_ENABLE_MODULES = YES;
				CLANG_ENABLE_OBJC_ARC = YES;
				CLANG_WARN_BOOL_CONVERSION = YES;
				CLANG_WARN_CONSTANT_CONVERSION = YES;
				CLANG_WARN_DIRECT_OBJC_ISA_USAGE = YES_ERROR;
				CLANG_WARN_DOCUMENTATION_COMMENTS = YES;
				CLANG_WARN_EMPTY_BODY = YES;
				CLANG_WARN_ENUM_CONVERSION = YES;
				CLANG_WARN_INFINITE_RECURSION = YES;
				CLANG_WARN_INT_CONVERSION = YES;
				CLANG_WARN_OBJC_ROOT_CLASS = YES_ERROR;
				CLANG_WARN_SUSPICIOUS_MOVE = YES;
				CLANG_WARN_UNREACHABLE_CODE = YES;
				CLANG_WARN__DUPLICATE_METHOD_MATCH = YES;
				"CODE_SIGN_IDENTITY[sdk=iphoneos*]" = "iPhone Developer";
				COPY_PHASE_STRIP = NO;
				DEBUG_INFORMATION_FORMAT = dwarf;
				ENABLE_STRICT_OBJC_MSGSEND = YES;
				ENABLE_TESTABILITY = YES;
				GCC_C_LANGUAGE_STANDARD = gnu99;
				GCC_DYNAMIC_NO_PIC = NO;
				GCC_NO_COMMON_BLOCKS = YES;
				GCC_OPTIMIZATION_LEVEL = 0;
				GCC_PREPROCESSOR_DEFINITIONS = (
					"DEBUG=1",
					"$(inherited)",
				);
				GCC_WARN_64_TO_32_BIT_CONVERSION = YES;
				GCC_WARN_ABOUT_RETURN_TYPE = YES_ERROR;
				GCC_WARN_UNDECLARED_SELECTOR = YES;
				GCC_WARN_UNINITIALIZED_AUTOS = YES_AGGRESSIVE;
				GCC_WARN_UNUSED_FUNCTION = YES;
				GCC_WARN_UNUSED_VARIABLE = YES;
				IPHONEOS_DEPLOYMENT_TARGET = 10.2;
				MTL_ENABLE_DEBUG_INFO = YES;
				ONLY_ACTIVE_ARCH = YES;
				SDKROOT = iphoneos;
				SWIFT_ACTIVE_COMPILATION_CONDITIONS = DEBUG;
				SWIFT_OPTIMIZATION_LEVEL = "-Onone";
			};
			name = Debug;
		};
		BDC3DA821E31BD83006BBA35 /* Release */ = {
			isa = XCBuildConfiguration;
			buildSettings = {
				ALWAYS_SEARCH_USER_PATHS = NO;
				CLANG_ANALYZER_NONNULL = YES;
				CLANG_CXX_LANGUAGE_STANDARD = "gnu++0x";
				CLANG_CXX_LIBRARY = "libc++";
				CLANG_ENABLE_MODULES = YES;
				CLANG_ENABLE_OBJC_ARC = YES;
				CLANG_WARN_BOOL_CONVERSION = YES;
				CLANG_WARN_CONSTANT_CONVERSION = YES;
				CLANG_WARN_DIRECT_OBJC_ISA_USAGE = YES_ERROR;
				CLANG_WARN_DOCUMENTATION_COMMENTS = YES;
				CLANG_WARN_EMPTY_BODY = YES;
				CLANG_WARN_ENUM_CONVERSION = YES;
				CLANG_WARN_INFINITE_RECURSION = YES;
				CLANG_WARN_INT_CONVERSION = YES;
				CLANG_WARN_OBJC_ROOT_CLASS = YES_ERROR;
				CLANG_WARN_SUSPICIOUS_MOVE = YES;
				CLANG_WARN_UNREACHABLE_CODE = YES;
				CLANG_WARN__DUPLICATE_METHOD_MATCH = YES;
				"CODE_SIGN_IDENTITY[sdk=iphoneos*]" = "iPhone Developer";
				COPY_PHASE_STRIP = NO;
				DEBUG_INFORMATION_FORMAT = "dwarf-with-dsym";
				ENABLE_NS_ASSERTIONS = NO;
				ENABLE_STRICT_OBJC_MSGSEND = YES;
				GCC_C_LANGUAGE_STANDARD = gnu99;
				GCC_NO_COMMON_BLOCKS = YES;
				GCC_WARN_64_TO_32_BIT_CONVERSION = YES;
				GCC_WARN_ABOUT_RETURN_TYPE = YES_ERROR;
				GCC_WARN_UNDECLARED_SELECTOR = YES;
				GCC_WARN_UNINITIALIZED_AUTOS = YES_AGGRESSIVE;
				GCC_WARN_UNUSED_FUNCTION = YES;
				GCC_WARN_UNUSED_VARIABLE = YES;
				IPHONEOS_DEPLOYMENT_TARGET = 10.2;
				MTL_ENABLE_DEBUG_INFO = NO;
				SDKROOT = iphoneos;
				SWIFT_OPTIMIZATION_LEVEL = "-Owholemodule";
				VALIDATE_PRODUCT = YES;
			};
			name = Release;
		};
		BDC3DA841E31BD83006BBA35 /* Debug */ = {
			isa = XCBuildConfiguration;
			baseConfigurationReference = E44578FFF41183F1C500BEFD /* Pods-MoscapsuleTest.debug.xcconfig */;
			buildSettings = {
				ASSETCATALOG_COMPILER_APPICON_NAME = AppIcon;
				DEVELOPMENT_TEAM = R2ZEH4T6PK;
				INFOPLIST_FILE = MoscapsuleTest/Info.plist;
				LD_RUNPATH_SEARCH_PATHS = "$(inherited) @executable_path/Frameworks";
				PRODUCT_BUNDLE_IDENTIFIER = aristhome.MoscapsuleTest;
				PRODUCT_NAME = "$(TARGET_NAME)";
				SWIFT_VERSION = 3.0;
			};
			name = Debug;
		};
		BDC3DA851E31BD83006BBA35 /* Release */ = {
			isa = XCBuildConfiguration;
			baseConfigurationReference = EA4F062618DB277730E6D28D /* Pods-MoscapsuleTest.release.xcconfig */;
			buildSettings = {
				ASSETCATALOG_COMPILER_APPICON_NAME = AppIcon;
				DEVELOPMENT_TEAM = R2ZEH4T6PK;
				INFOPLIST_FILE = MoscapsuleTest/Info.plist;
				LD_RUNPATH_SEARCH_PATHS = "$(inherited) @executable_path/Frameworks";
				PRODUCT_BUNDLE_IDENTIFIER = aristhome.MoscapsuleTest;
				PRODUCT_NAME = "$(TARGET_NAME)";
				SWIFT_VERSION = 3.0;
			};
			name = Release;
		};
/* End XCBuildConfiguration section */

/* Begin XCConfigurationList section */
		BDC3DA6C1E31BD82006BBA35 /* Build configuration list for PBXProject "MoscapsuleTest" */ = {
			isa = XCConfigurationList;
			buildConfigurations = (
				BDC3DA811E31BD83006BBA35 /* Debug */,
				BDC3DA821E31BD83006BBA35 /* Release */,
			);
			defaultConfigurationIsVisible = 0;
			defaultConfigurationName = Release;
		};
		BDC3DA831E31BD83006BBA35 /* Build configuration list for PBXNativeTarget "MoscapsuleTest" */ = {
			isa = XCConfigurationList;
			buildConfigurations = (
				BDC3DA841E31BD83006BBA35 /* Debug */,
				BDC3DA851E31BD83006BBA35 /* Release */,
			);
			defaultConfigurationIsVisible = 0;
			defaultConfigurationName = Release;
		};
/* End XCConfigurationList section */
	};
	rootObject = BDC3DA691E31BD82006BBA35 /* Project object */;
}
